// !$*UTF8*$!
{
	archiveVersion = 1;
	classes = {
	};
	objectVersion = 45;
	objects = {

/* Begin PBXAggregateTarget section */
		24416B8111C4CA220047AFDD /* Build & Test */ = {
			isa = PBXAggregateTarget;
			buildConfigurationList = 24416B8A11C4CA520047AFDD /* Build configuration list for PBXAggregateTarget "Build & Test" */;
			buildPhases = (
				24416B8011C4CA220047AFDD /* ShellScript */,
			);
			dependencies = (
				24416B8511C4CA280047AFDD /* PBXTargetDependency */,
			);
			name = "Build & Test";
			productName = "Build & test";
		};
/* End PBXAggregateTarget section */

/* Begin PBXBuildFile section */
		24DD6CF91134B3F500162E58 /* ComWikitudeTiModule.h in Headers */ = {isa = PBXBuildFile; fileRef = 24DD6CF71134B3F500162E58 /* ComWikitudeTiModule.h */; };
		24DD6CFA1134B3F500162E58 /* ComWikitudeTiModule.m in Sources */ = {isa = PBXBuildFile; fileRef = 24DD6CF81134B3F500162E58 /* ComWikitudeTiModule.m */; };
		24DE9E1111C5FE74003F90F6 /* ComWikitudeTiModuleAssets.h in Headers */ = {isa = PBXBuildFile; fileRef = 24DE9E0F11C5FE74003F90F6 /* ComWikitudeTiModuleAssets.h */; };
		24DE9E1211C5FE74003F90F6 /* ComWikitudeTiModuleAssets.m in Sources */ = {isa = PBXBuildFile; fileRef = 24DE9E1011C5FE74003F90F6 /* ComWikitudeTiModuleAssets.m */; };
		3262C145168302F6005F1EA3 /* ComWikitudeTiWikitudeView.h in Headers */ = {isa = PBXBuildFile; fileRef = 3262C141168302F6005F1EA3 /* ComWikitudeTiWikitudeView.h */; };
		3262C146168302F6005F1EA3 /* ComWikitudeTiWikitudeView.m in Sources */ = {isa = PBXBuildFile; fileRef = 3262C142168302F6005F1EA3 /* ComWikitudeTiWikitudeView.m */; };
		3262C147168302F6005F1EA3 /* ComWikitudeTiWikitudeViewProxy.h in Headers */ = {isa = PBXBuildFile; fileRef = 3262C143168302F6005F1EA3 /* ComWikitudeTiWikitudeViewProxy.h */; };
		3262C148168302F6005F1EA3 /* ComWikitudeTiWikitudeViewProxy.m in Sources */ = {isa = PBXBuildFile; fileRef = 3262C144168302F6005F1EA3 /* ComWikitudeTiWikitudeViewProxy.m */; };
		3262C15D168304BB005F1EA3 /* AVFoundation.framework in Frameworks */ = {isa = PBXBuildFile; fileRef = 3262C14E168304BB005F1EA3 /* AVFoundation.framework */; };
		3262C15E168304BB005F1EA3 /* CFNetwork.framework in Frameworks */ = {isa = PBXBuildFile; fileRef = 3262C14F168304BB005F1EA3 /* CFNetwork.framework */; };
		3262C15F168304BB005F1EA3 /* CoreGraphics.framework in Frameworks */ = {isa = PBXBuildFile; fileRef = 3262C150168304BB005F1EA3 /* CoreGraphics.framework */; };
		3262C160168304BB005F1EA3 /* CoreLocation.framework in Frameworks */ = {isa = PBXBuildFile; fileRef = 3262C151168304BB005F1EA3 /* CoreLocation.framework */; };
		3262C161168304BB005F1EA3 /* CoreMedia.framework in Frameworks */ = {isa = PBXBuildFile; fileRef = 3262C152168304BB005F1EA3 /* CoreMedia.framework */; };
		3262C162168304BB005F1EA3 /* CoreMotion.framework in Frameworks */ = {isa = PBXBuildFile; fileRef = 3262C153168304BB005F1EA3 /* CoreMotion.framework */; };
		3262C165168304BB005F1EA3 /* MediaPlayer.framework in Frameworks */ = {isa = PBXBuildFile; fileRef = 3262C156168304BB005F1EA3 /* MediaPlayer.framework */; };
		3262C166168304BB005F1EA3 /* OpenGLES.framework in Frameworks */ = {isa = PBXBuildFile; fileRef = 3262C157168304BB005F1EA3 /* OpenGLES.framework */; };
		3262C167168304BB005F1EA3 /* QuartzCore.framework in Frameworks */ = {isa = PBXBuildFile; fileRef = 3262C158168304BB005F1EA3 /* QuartzCore.framework */; };
		3262C168168304BB005F1EA3 /* Security.framework in Frameworks */ = {isa = PBXBuildFile; fileRef = 3262C159168304BB005F1EA3 /* Security.framework */; };
		3262C169168304BB005F1EA3 /* SystemConfiguration.framework in Frameworks */ = {isa = PBXBuildFile; fileRef = 3262C15A168304BB005F1EA3 /* SystemConfiguration.framework */; };
		3262C16A168304BB005F1EA3 /* UIKit.framework in Frameworks */ = {isa = PBXBuildFile; fileRef = 3262C15B168304BB005F1EA3 /* UIKit.framework */; };
		A9888ABF17200CE900CCCEF3 /* AssetsLibrary.framework in Frameworks */ = {isa = PBXBuildFile; fileRef = A9888ABE17200CE900CCCEF3 /* AssetsLibrary.framework */; };
		A9888AC317200D2700CCCEF3 /* CoreVideo.framework in Frameworks */ = {isa = PBXBuildFile; fileRef = A9888AC217200D2700CCCEF3 /* CoreVideo.framework */; };
		A9DC833F17776B26002BE1F6 /* WikitudeSDK.framework in Frameworks */ = {isa = PBXBuildFile; fileRef = A9DC833E17776B26002BE1F6 /* WikitudeSDK.framework */; };
		AA747D9F0F9514B9006C5449 /* ComWikitudeTi_Prefix.pch in Headers */ = {isa = PBXBuildFile; fileRef = AA747D9E0F9514B9006C5449 /* ComWikitudeTi_Prefix.pch */; };
		AACBBE4A0F95108600F1A2B1 /* Foundation.framework in Frameworks */ = {isa = PBXBuildFile; fileRef = AACBBE490F95108600F1A2B1 /* Foundation.framework */; };
/* End PBXBuildFile section */

/* Begin PBXContainerItemProxy section */
		24416B8411C4CA280047AFDD /* PBXContainerItemProxy */ = {
			isa = PBXContainerItemProxy;
			containerPortal = 0867D690FE84028FC02AAC07 /* Project object */;
			proxyType = 1;
			remoteGlobalIDString = D2AAC07D0554694100DB518D;
			remoteInfo = WikitudeIOS;
		};
/* End PBXContainerItemProxy section */

/* Begin PBXFileReference section */
		24DD6CF71134B3F500162E58 /* ComWikitudeTiModule.h */ = {isa = PBXFileReference; fileEncoding = 4; lastKnownFileType = sourcecode.c.h; name = ComWikitudeTiModule.h; path = Classes/ComWikitudeTiModule.h; sourceTree = "<group>"; };
		24DD6CF81134B3F500162E58 /* ComWikitudeTiModule.m */ = {isa = PBXFileReference; fileEncoding = 4; lastKnownFileType = sourcecode.c.objc; name = ComWikitudeTiModule.m; path = Classes/ComWikitudeTiModule.m; sourceTree = "<group>"; };
		24DD6D1B1134B66800162E58 /* titanium.xcconfig */ = {isa = PBXFileReference; fileEncoding = 4; lastKnownFileType = text.xcconfig; path = titanium.xcconfig; sourceTree = "<group>"; };
		24DE9E0F11C5FE74003F90F6 /* ComWikitudeTiModuleAssets.h */ = {isa = PBXFileReference; fileEncoding = 4; lastKnownFileType = sourcecode.c.h; name = ComWikitudeTiModuleAssets.h; path = Classes/ComWikitudeTiModuleAssets.h; sourceTree = "<group>"; };
		24DE9E1011C5FE74003F90F6 /* ComWikitudeTiModuleAssets.m */ = {isa = PBXFileReference; fileEncoding = 4; lastKnownFileType = sourcecode.c.objc; name = ComWikitudeTiModuleAssets.m; path = Classes/ComWikitudeTiModuleAssets.m; sourceTree = "<group>"; };
		3262C141168302F6005F1EA3 /* ComWikitudeTiWikitudeView.h */ = {isa = PBXFileReference; fileEncoding = 4; lastKnownFileType = sourcecode.c.h; name = ComWikitudeTiWikitudeView.h; path = Classes/ComWikitudeTiWikitudeView.h; sourceTree = "<group>"; };
		3262C142168302F6005F1EA3 /* ComWikitudeTiWikitudeView.m */ = {isa = PBXFileReference; fileEncoding = 4; lastKnownFileType = sourcecode.c.objc; name = ComWikitudeTiWikitudeView.m; path = Classes/ComWikitudeTiWikitudeView.m; sourceTree = "<group>"; };
		3262C143168302F6005F1EA3 /* ComWikitudeTiWikitudeViewProxy.h */ = {isa = PBXFileReference; fileEncoding = 4; lastKnownFileType = sourcecode.c.h; name = ComWikitudeTiWikitudeViewProxy.h; path = Classes/ComWikitudeTiWikitudeViewProxy.h; sourceTree = "<group>"; };
		3262C144168302F6005F1EA3 /* ComWikitudeTiWikitudeViewProxy.m */ = {isa = PBXFileReference; fileEncoding = 4; lastKnownFileType = sourcecode.c.objc; name = ComWikitudeTiWikitudeViewProxy.m; path = Classes/ComWikitudeTiWikitudeViewProxy.m; sourceTree = "<group>"; };
		3262C14E168304BB005F1EA3 /* AVFoundation.framework */ = {isa = PBXFileReference; lastKnownFileType = wrapper.framework; name = AVFoundation.framework; path = System/Library/Frameworks/AVFoundation.framework; sourceTree = SDKROOT; };
		3262C14F168304BB005F1EA3 /* CFNetwork.framework */ = {isa = PBXFileReference; lastKnownFileType = wrapper.framework; name = CFNetwork.framework; path = System/Library/Frameworks/CFNetwork.framework; sourceTree = SDKROOT; };
		3262C150168304BB005F1EA3 /* CoreGraphics.framework */ = {isa = PBXFileReference; lastKnownFileType = wrapper.framework; name = CoreGraphics.framework; path = System/Library/Frameworks/CoreGraphics.framework; sourceTree = SDKROOT; };
		3262C151168304BB005F1EA3 /* CoreLocation.framework */ = {isa = PBXFileReference; lastKnownFileType = wrapper.framework; name = CoreLocation.framework; path = System/Library/Frameworks/CoreLocation.framework; sourceTree = SDKROOT; };
		3262C152168304BB005F1EA3 /* CoreMedia.framework */ = {isa = PBXFileReference; lastKnownFileType = wrapper.framework; name = CoreMedia.framework; path = System/Library/Frameworks/CoreMedia.framework; sourceTree = SDKROOT; };
		3262C153168304BB005F1EA3 /* CoreMotion.framework */ = {isa = PBXFileReference; lastKnownFileType = wrapper.framework; name = CoreMotion.framework; path = System/Library/Frameworks/CoreMotion.framework; sourceTree = SDKROOT; };
		3262C156168304BB005F1EA3 /* MediaPlayer.framework */ = {isa = PBXFileReference; lastKnownFileType = wrapper.framework; name = MediaPlayer.framework; path = System/Library/Frameworks/MediaPlayer.framework; sourceTree = SDKROOT; };
		3262C157168304BB005F1EA3 /* OpenGLES.framework */ = {isa = PBXFileReference; lastKnownFileType = wrapper.framework; name = OpenGLES.framework; path = System/Library/Frameworks/OpenGLES.framework; sourceTree = SDKROOT; };
		3262C158168304BB005F1EA3 /* QuartzCore.framework */ = {isa = PBXFileReference; lastKnownFileType = wrapper.framework; name = QuartzCore.framework; path = System/Library/Frameworks/QuartzCore.framework; sourceTree = SDKROOT; };
		3262C159168304BB005F1EA3 /* Security.framework */ = {isa = PBXFileReference; lastKnownFileType = wrapper.framework; name = Security.framework; path = System/Library/Frameworks/Security.framework; sourceTree = SDKROOT; };
		3262C15A168304BB005F1EA3 /* SystemConfiguration.framework */ = {isa = PBXFileReference; lastKnownFileType = wrapper.framework; name = SystemConfiguration.framework; path = System/Library/Frameworks/SystemConfiguration.framework; sourceTree = SDKROOT; };
		3262C15B168304BB005F1EA3 /* UIKit.framework */ = {isa = PBXFileReference; lastKnownFileType = wrapper.framework; name = UIKit.framework; path = System/Library/Frameworks/UIKit.framework; sourceTree = SDKROOT; };
		A9888ABE17200CE900CCCEF3 /* AssetsLibrary.framework */ = {isa = PBXFileReference; lastKnownFileType = wrapper.framework; name = AssetsLibrary.framework; path = System/Library/Frameworks/AssetsLibrary.framework; sourceTree = SDKROOT; };
		A9888AC217200D2700CCCEF3 /* CoreVideo.framework */ = {isa = PBXFileReference; lastKnownFileType = wrapper.framework; name = CoreVideo.framework; path = System/Library/Frameworks/CoreVideo.framework; sourceTree = SDKROOT; };
		A9DC833E17776B26002BE1F6 /* WikitudeSDK.framework */ = {isa = PBXFileReference; lastKnownFileType = wrapper.framework; name = WikitudeSDK.framework; path = Framework/WikitudeSDK.framework; sourceTree = "<group>"; };
		AA747D9E0F9514B9006C5449 /* ComWikitudeTi_Prefix.pch */ = {isa = PBXFileReference; fileEncoding = 4; lastKnownFileType = sourcecode.c.h; path = ComWikitudeTi_Prefix.pch; sourceTree = SOURCE_ROOT; };
		AACBBE490F95108600F1A2B1 /* Foundation.framework */ = {isa = PBXFileReference; lastKnownFileType = wrapper.framework; name = Foundation.framework; path = System/Library/Frameworks/Foundation.framework; sourceTree = SDKROOT; };
		D2AAC07E0554694100DB518D /* libComWikitudeTi.a */ = {isa = PBXFileReference; explicitFileType = archive.ar; includeInIndex = 0; path = libComWikitudeTi.a; sourceTree = BUILT_PRODUCTS_DIR; };
/* End PBXFileReference section */

/* Begin PBXFrameworksBuildPhase section */
		D2AAC07C0554694100DB518D /* Frameworks */ = {
			isa = PBXFrameworksBuildPhase;
			buildActionMask = 2147483647;
			files = (
				A9DC833F17776B26002BE1F6 /* WikitudeSDK.framework in Frameworks */,
				A9888AC317200D2700CCCEF3 /* CoreVideo.framework in Frameworks */,
				A9888ABF17200CE900CCCEF3 /* AssetsLibrary.framework in Frameworks */,
				3262C15D168304BB005F1EA3 /* AVFoundation.framework in Frameworks */,
				3262C15E168304BB005F1EA3 /* CFNetwork.framework in Frameworks */,
				3262C15F168304BB005F1EA3 /* CoreGraphics.framework in Frameworks */,
				3262C160168304BB005F1EA3 /* CoreLocation.framework in Frameworks */,
				3262C161168304BB005F1EA3 /* CoreMedia.framework in Frameworks */,
				3262C162168304BB005F1EA3 /* CoreMotion.framework in Frameworks */,
				3262C165168304BB005F1EA3 /* MediaPlayer.framework in Frameworks */,
				3262C166168304BB005F1EA3 /* OpenGLES.framework in Frameworks */,
				3262C167168304BB005F1EA3 /* QuartzCore.framework in Frameworks */,
				3262C168168304BB005F1EA3 /* Security.framework in Frameworks */,
				3262C169168304BB005F1EA3 /* SystemConfiguration.framework in Frameworks */,
				3262C16A168304BB005F1EA3 /* UIKit.framework in Frameworks */,
				AACBBE4A0F95108600F1A2B1 /* Foundation.framework in Frameworks */,
			);
			runOnlyForDeploymentPostprocessing = 0;
		};
/* End PBXFrameworksBuildPhase section */

/* Begin PBXGroup section */
		034768DFFF38A50411DB9C8B /* Products */ = {
			isa = PBXGroup;
			children = (
				D2AAC07E0554694100DB518D /* libComWikitudeTi.a */,
			);
			name = Products;
			sourceTree = "<group>";
		};
		0867D691FE84028FC02AAC07 /* WikitudeIOS */ = {
			isa = PBXGroup;
			children = (
				A9DC833E17776B26002BE1F6 /* WikitudeSDK.framework */,
				08FB77AEFE84172EC02AAC07 /* Classes */,
				32C88DFF0371C24200C91783 /* Other Sources */,
				0867D69AFE84028FC02AAC07 /* Frameworks */,
				034768DFFF38A50411DB9C8B /* Products */,
			);
			name = WikitudeIOS;
			sourceTree = "<group>";
		};
		0867D69AFE84028FC02AAC07 /* Frameworks */ = {
			isa = PBXGroup;
			children = (
				A9888ABE17200CE900CCCEF3 /* AssetsLibrary.framework */,
				3262C14E168304BB005F1EA3 /* AVFoundation.framework */,
				3262C14F168304BB005F1EA3 /* CFNetwork.framework */,
				3262C150168304BB005F1EA3 /* CoreGraphics.framework */,
				3262C151168304BB005F1EA3 /* CoreLocation.framework */,
				3262C152168304BB005F1EA3 /* CoreMedia.framework */,
				3262C153168304BB005F1EA3 /* CoreMotion.framework */,
				A9888AC217200D2700CCCEF3 /* CoreVideo.framework */,
				AACBBE490F95108600F1A2B1 /* Foundation.framework */,
				3262C156168304BB005F1EA3 /* MediaPlayer.framework */,
				3262C157168304BB005F1EA3 /* OpenGLES.framework */,
				3262C158168304BB005F1EA3 /* QuartzCore.framework */,
				3262C159168304BB005F1EA3 /* Security.framework */,
				3262C15A168304BB005F1EA3 /* SystemConfiguration.framework */,
				3262C15B168304BB005F1EA3 /* UIKit.framework */,
			);
			name = Frameworks;
			sourceTree = "<group>";
		};
		08FB77AEFE84172EC02AAC07 /* Classes */ = {
			isa = PBXGroup;
			children = (
				3262C141168302F6005F1EA3 /* ComWikitudeTiWikitudeView.h */,
				3262C142168302F6005F1EA3 /* ComWikitudeTiWikitudeView.m */,
				3262C143168302F6005F1EA3 /* ComWikitudeTiWikitudeViewProxy.h */,
				3262C144168302F6005F1EA3 /* ComWikitudeTiWikitudeViewProxy.m */,
				24DE9E0F11C5FE74003F90F6 /* ComWikitudeTiModuleAssets.h */,
				24DE9E1011C5FE74003F90F6 /* ComWikitudeTiModuleAssets.m */,
				24DD6CF71134B3F500162E58 /* ComWikitudeTiModule.h */,
				24DD6CF81134B3F500162E58 /* ComWikitudeTiModule.m */,
			);
			name = Classes;
			sourceTree = "<group>";
		};
		32C88DFF0371C24200C91783 /* Other Sources */ = {
			isa = PBXGroup;
			children = (
				AA747D9E0F9514B9006C5449 /* ComWikitudeTi_Prefix.pch */,
				24DD6D1B1134B66800162E58 /* titanium.xcconfig */,
			);
			name = "Other Sources";
			sourceTree = "<group>";
		};
/* End PBXGroup section */

/* Begin PBXHeadersBuildPhase section */
		D2AAC07A0554694100DB518D /* Headers */ = {
			isa = PBXHeadersBuildPhase;
			buildActionMask = 2147483647;
			files = (
				AA747D9F0F9514B9006C5449 /* ComWikitudeTi_Prefix.pch in Headers */,
				24DD6CF91134B3F500162E58 /* ComWikitudeTiModule.h in Headers */,
				24DE9E1111C5FE74003F90F6 /* ComWikitudeTiModuleAssets.h in Headers */,
				3262C145168302F6005F1EA3 /* ComWikitudeTiWikitudeView.h in Headers */,
				3262C147168302F6005F1EA3 /* ComWikitudeTiWikitudeViewProxy.h in Headers */,
			);
			runOnlyForDeploymentPostprocessing = 0;
		};
/* End PBXHeadersBuildPhase section */

/* Begin PBXNativeTarget section */
		D2AAC07D0554694100DB518D /* WikitudeIOS */ = {
			isa = PBXNativeTarget;
			buildConfigurationList = 1DEB921E08733DC00010E9CD /* Build configuration list for PBXNativeTarget "WikitudeIOS" */;
			buildPhases = (
				D2AAC07A0554694100DB518D /* Headers */,
				D2AAC07B0554694100DB518D /* Sources */,
				D2AAC07C0554694100DB518D /* Frameworks */,
			);
			buildRules = (
			);
			dependencies = (
			);
			name = WikitudeIOS;
			productName = WikitudeIOS;
			productReference = D2AAC07E0554694100DB518D /* libComWikitudeTi.a */;
			productType = "com.apple.product-type.library.static";
		};
/* End PBXNativeTarget section */

/* Begin PBXProject section */
		0867D690FE84028FC02AAC07 /* Project object */ = {
			isa = PBXProject;
			buildConfigurationList = 1DEB922208733DC00010E9CD /* Build configuration list for PBXProject "WikitudeIOS" */;
			compatibilityVersion = "Xcode 3.1";
			developmentRegion = English;
			hasScannedForEncodings = 1;
			knownRegions = (
				English,
				Japanese,
				French,
				German,
			);
			mainGroup = 0867D691FE84028FC02AAC07 /* WikitudeIOS */;
			productRefGroup = 034768DFFF38A50411DB9C8B /* Products */;
			projectDirPath = "";
			projectRoot = "";
			targets = (
				D2AAC07D0554694100DB518D /* WikitudeIOS */,
				24416B8111C4CA220047AFDD /* Build & Test */,
			);
		};
/* End PBXProject section */

/* Begin PBXShellScriptBuildPhase section */
		24416B8011C4CA220047AFDD /* ShellScript */ = {
			isa = PBXShellScriptBuildPhase;
			buildActionMask = 2147483647;
			files = (
			);
			inputPaths = (
			);
			outputPaths = (
			);
			runOnlyForDeploymentPostprocessing = 0;
			shellPath = /bin/sh;
			shellScript = "# shell script goes here\n\npython \"${TITANIUM_SDK}/titanium.py\" run --dir=\"${PROJECT_DIR}\"\nexit $?\n";
		};
/* End PBXShellScriptBuildPhase section */

/* Begin PBXSourcesBuildPhase section */
		D2AAC07B0554694100DB518D /* Sources */ = {
			isa = PBXSourcesBuildPhase;
			buildActionMask = 2147483647;
			files = (
				24DD6CFA1134B3F500162E58 /* ComWikitudeTiModule.m in Sources */,
				24DE9E1211C5FE74003F90F6 /* ComWikitudeTiModuleAssets.m in Sources */,
				3262C146168302F6005F1EA3 /* ComWikitudeTiWikitudeView.m in Sources */,
				3262C148168302F6005F1EA3 /* ComWikitudeTiWikitudeViewProxy.m in Sources */,
			);
			runOnlyForDeploymentPostprocessing = 0;
		};
/* End PBXSourcesBuildPhase section */

/* Begin PBXTargetDependency section */
		24416B8511C4CA280047AFDD /* PBXTargetDependency */ = {
			isa = PBXTargetDependency;
			target = D2AAC07D0554694100DB518D /* WikitudeIOS */;
			targetProxy = 24416B8411C4CA280047AFDD /* PBXContainerItemProxy */;
		};
/* End PBXTargetDependency section */

/* Begin XCBuildConfiguration section */
		1DEB921F08733DC00010E9CD /* Debug */ = {
			isa = XCBuildConfiguration;
			baseConfigurationReference = 24DD6D1B1134B66800162E58 /* titanium.xcconfig */;
			buildSettings = {
				ARCHS = (
					armv6,
					armv7,
				);
				"ARCHS[sdk=iphoneos*]" = "$(ARCHS_STANDARD_32_BIT)";
				"ARCHS[sdk=iphonesimulator*]" = i386;
				CODE_SIGN_IDENTITY = "iPhone Developer";
				"CODE_SIGN_IDENTITY[sdk=iphoneos*]" = "iPhone Developer";
				DSTROOT = /tmp/ComWikitudeTi.dst;
				FRAMEWORK_SEARCH_PATHS = (
					"$(inherited)",
					"\"$(SRCROOT)/Framework\"",
				);
				GCC_C_LANGUAGE_STANDARD = c99;
				GCC_OPTIMIZATION_LEVEL = 0;
				GCC_PRECOMPILE_PREFIX_HEADER = YES;
				GCC_PREFIX_HEADER = ComWikitudeTi_Prefix.pch;
				GCC_PREPROCESSOR_DEFINITIONS = "TI_VERSION=$(TI_VERSION)";
				GCC_TREAT_WARNINGS_AS_ERRORS = NO;
				GCC_VERSION = "";
				GCC_WARN_ABOUT_RETURN_TYPE = NO;
				GCC_WARN_MISSING_PARENTHESES = NO;
				GCC_WARN_SHADOW = NO;
				GCC_WARN_STRICT_SELECTOR_MATCH = NO;
				GCC_WARN_UNUSED_FUNCTION = YES;
				GCC_WARN_UNUSED_PARAMETER = NO;
				GCC_WARN_UNUSED_VALUE = NO;
				GCC_WARN_UNUSED_VARIABLE = NO;
				INSTALL_PATH = /usr/local/lib;
				LIBRARY_SEARCH_PATHS = "";
				OTHER_CFLAGS = (
					"-DDEBUG",
					"-DTI_POST_1_2",
				);
				OTHER_LDFLAGS = "-ObjC";
				PRODUCT_NAME = ComWikitudeTi;
				PROVISIONING_PROFILE = "";
				"PROVISIONING_PROFILE[sdk=iphoneos*]" = "";
				RUN_CLANG_STATIC_ANALYZER = NO;
				SDKROOT = iphoneos;
				USER_HEADER_SEARCH_PATHS = "";
			};
			name = Debug;
		};
		1DEB922008733DC00010E9CD /* Release */ = {
			isa = XCBuildConfiguration;
			baseConfigurationReference = 24DD6D1B1134B66800162E58 /* titanium.xcconfig */;
			buildSettings = {
				ALWAYS_SEARCH_USER_PATHS = NO;
				ARCHS = (
					armv6,
					armv7,
				);
				"ARCHS[sdk=iphoneos*]" = "$(ARCHS_STANDARD_32_BIT)";
				"ARCHS[sdk=iphonesimulator*]" = i386;
				DSTROOT = /tmp/ComWikitudeTi.dst;
				FRAMEWORK_SEARCH_PATHS = (
					"$(inherited)",
					"\"$(SRCROOT)/Framework\"",
				);
				GCC_C_LANGUAGE_STANDARD = c99;
				GCC_MODEL_TUNING = G5;
				GCC_PRECOMPILE_PREFIX_HEADER = YES;
				GCC_PREFIX_HEADER = ComWikitudeTi_Prefix.pch;
				GCC_PREPROCESSOR_DEFINITIONS = "TI_VERSION=$(TI_VERSION)";
				GCC_TREAT_WARNINGS_AS_ERRORS = NO;
				GCC_VERSION = "";
				GCC_WARN_ABOUT_RETURN_TYPE = NO;
				GCC_WARN_MISSING_PARENTHESES = NO;
				GCC_WARN_SHADOW = NO;
				GCC_WARN_STRICT_SELECTOR_MATCH = NO;
				GCC_WARN_UNUSED_FUNCTION = YES;
				GCC_WARN_UNUSED_PARAMETER = NO;
				GCC_WARN_UNUSED_VALUE = NO;
				GCC_WARN_UNUSED_VARIABLE = NO;
				INSTALL_PATH = /usr/local/lib;
				IPHONEOS_DEPLOYMENT_TARGET = 4.0;
				LIBRARY_SEARCH_PATHS = "";
				OTHER_CFLAGS = "-DTI_POST_1_2";
				OTHER_LDFLAGS = "-ObjC";
				PRODUCT_NAME = ComWikitudeTi;
				RUN_CLANG_STATIC_ANALYZER = NO;
				SDKROOT = iphoneos;
				USER_HEADER_SEARCH_PATHS = "";
			};
			name = Release;
		};
		1DEB922308733DC00010E9CD /* Debug */ = {
			isa = XCBuildConfiguration;
			baseConfigurationReference = 24DD6D1B1134B66800162E58 /* titanium.xcconfig */;
			buildSettings = {
				ARCHS = (
					armv6,
					armv7,
				);
				"ARCHS[sdk=iphoneos*]" = (
					armv6,
					armv7,
				);
				"ARCHS[sdk=iphonesimulator*]" = i386;
				CODE_SIGN_IDENTITY = "iPhone Developer";
				"CODE_SIGN_IDENTITY[sdk=iphoneos*]" = "iPhone Developer";
				DSTROOT = /tmp/ComWikitudeTi.dst;
				GCC_C_LANGUAGE_STANDARD = c99;
				GCC_OPTIMIZATION_LEVEL = 0;
				GCC_PRECOMPILE_PREFIX_HEADER = YES;
				GCC_PREFIX_HEADER = ComWikitudeTi_Prefix.pch;
				GCC_PREPROCESSOR_DEFINITIONS = "TI_VERSION=$(TI_VERSION)";
				GCC_TREAT_WARNINGS_AS_ERRORS = NO;
				GCC_VERSION = "";
				GCC_WARN_ABOUT_RETURN_TYPE = NO;
				GCC_WARN_MISSING_PARENTHESES = NO;
				GCC_WARN_SHADOW = NO;
				GCC_WARN_STRICT_SELECTOR_MATCH = NO;
				GCC_WARN_UNUSED_FUNCTION = YES;
				GCC_WARN_UNUSED_PARAMETER = NO;
				GCC_WARN_UNUSED_VALUE = NO;
				GCC_WARN_UNUSED_VARIABLE = NO;
				INSTALL_PATH = /usr/local/lib;
				OTHER_CFLAGS = (
					"-DDEBUG",
					"-DTI_POST_1_2",
				);
				OTHER_LDFLAGS = "-ObjC";
				PRODUCT_NAME = ComWikitudeTi;
				PROVISIONING_PROFILE = "";
				"PROVISIONING_PROFILE[sdk=iphoneos*]" = "";
				RUN_CLANG_STATIC_ANALYZER = NO;
				SDKROOT = iphoneos;
				USER_HEADER_SEARCH_PATHS = "";
			};
			name = Debug;
		};
		1DEB922408733DC00010E9CD /* Release */ = {
			isa = XCBuildConfiguration;
			baseConfigurationReference = 24DD6D1B1134B66800162E58 /* titanium.xcconfig */;
			buildSettings = {
				ALWAYS_SEARCH_USER_PATHS = NO;
				ARCHS = (
					armv6,
					armv7,
				);
				"ARCHS[sdk=iphoneos*]" = (
					armv6,
					armv7,
				);
				"ARCHS[sdk=iphonesimulator*]" = i386;
				DSTROOT = /tmp/ComWikitudeTi.dst;
				GCC_C_LANGUAGE_STANDARD = c99;
				GCC_MODEL_TUNING = G5;
				GCC_PRECOMPILE_PREFIX_HEADER = YES;
				GCC_PREFIX_HEADER = ComWikitudeTi_Prefix.pch;
				GCC_PREPROCESSOR_DEFINITIONS = "TI_VERSION=$(TI_VERSION)";
				GCC_TREAT_WARNINGS_AS_ERRORS = NO;
				GCC_VERSION = "";
				GCC_WARN_ABOUT_RETURN_TYPE = NO;
				GCC_WARN_MISSING_PARENTHESES = NO;
				GCC_WARN_SHADOW = NO;
				GCC_WARN_STRICT_SELECTOR_MATCH = NO;
				GCC_WARN_UNUSED_FUNCTION = YES;
				GCC_WARN_UNUSED_PARAMETER = NO;
				GCC_WARN_UNUSED_VALUE = NO;
				GCC_WARN_UNUSED_VARIABLE = NO;
				INSTALL_PATH = /usr/local/lib;
				IPHONEOS_DEPLOYMENT_TARGET = 4.0;
				OTHER_CFLAGS = "-DTI_POST_1_2";
				OTHER_LDFLAGS = "-ObjC";
				PRODUCT_NAME = ComWikitudeTi;
				RUN_CLANG_STATIC_ANALYZER = NO;
				SDKROOT = iphoneos;
				USER_HEADER_SEARCH_PATHS = "";
			};
			name = Release;
		};
		24416B8211C4CA220047AFDD /* Debug */ = {
			isa = XCBuildConfiguration;
			baseConfigurationReference = 24DD6D1B1134B66800162E58 /* titanium.xcconfig */;
			buildSettings = {
				COPY_PHASE_STRIP = NO;
				GCC_DYNAMIC_NO_PIC = NO;
				GCC_OPTIMIZATION_LEVEL = 0;
				PRODUCT_NAME = "Build & test";
			};
			name = Debug;
		};
		24416B8311C4CA220047AFDD /* Release */ = {
			isa = XCBuildConfiguration;
			baseConfigurationReference = 24DD6D1B1134B66800162E58 /* titanium.xcconfig */;
			buildSettings = {
				COPY_PHASE_STRIP = YES;
				DEBUG_INFORMATION_FORMAT = "dwarf-with-dsym";
				GCC_ENABLE_FIX_AND_CONTINUE = NO;
				PRODUCT_NAME = "Build & test";
				ZERO_LINK = NO;
			};
			name = Release;
		};
/* End XCBuildConfiguration section */

/* Begin XCConfigurationList section */
		1DEB921E08733DC00010E9CD /* Build configuration list for PBXNativeTarget "WikitudeIOS" */ = {
			isa = XCConfigurationList;
			buildConfigurations = (
				1DEB921F08733DC00010E9CD /* Debug */,
				1DEB922008733DC00010E9CD /* Release */,
			);
			defaultConfigurationIsVisible = 0;
			defaultConfigurationName = Release;
		};
		1DEB922208733DC00010E9CD /* Build configuration list for PBXProject "WikitudeIOS" */ = {
			isa = XCConfigurationList;
			buildConfigurations = (
				1DEB922308733DC00010E9CD /* Debug */,
				1DEB922408733DC00010E9CD /* Release */,
			);
			defaultConfigurationIsVisible = 0;
			defaultConfigurationName = Release;
		};
		24416B8A11C4CA520047AFDD /* Build configuration list for PBXAggregateTarget "Build & Test" */ = {
			isa = XCConfigurationList;
			buildConfigurations = (
				24416B8211C4CA220047AFDD /* Debug */,
				24416B8311C4CA220047AFDD /* Release */,
			);
			defaultConfigurationIsVisible = 0;
			defaultConfigurationName = Release;
		};
/* End XCConfigurationList section */
	};
	rootObject = 0867D690FE84028FC02AAC07 /* Project object */;
}
